
Microsoft Visual Studio Solution File, Format Version 12.00
# Visual Studio Version 16
VisualStudioVersion = 16.0.29613.14
MinimumVisualStudioVersion = 10.0.40219.1
Project("{8BC9CEB8-8B4A-11D0-8D11-00A0C91BC942}") = "FSPCheckerCpp", "FSPCheckerCpp\FSPCheckerCpp.vcxproj", "{F016C499-AA25-482B-B7CB-F7760CFCF524}"
EndProject
Project("{FAE04EC0-301F-11D3-BF4B-00C04F79EFBC}") = "FSPCheckerCSharp", "FSPCheckerCSharp\FSPCheckerCSharp.csproj", "{6F26C6FC-6B37-49D1-AE02-E03A5C8DCD78}"
EndProject
Project("{8BC9CEB8-8B4A-11D0-8D11-00A0C91BC942}") = "FSPCheckerWritetime", "FSPCheckerWritetime\FSPCheckerWritetime.vcxproj", "{59A7F9F9-7C64-4C96-B379-0911B9ADB288}"
EndProject
Global
	GlobalSection(SolutionConfigurationPlatforms) = preSolution
		Debug|Any CPU = Debug|Any CPU
		Debug|Mixed Platforms = Debug|Mixed Platforms
		Debug|UHS (ARMv4I) = Debug|UHS (ARMv4I)
		Debug|Win32 = Debug|Win32
		Debug|x64 = Debug|x64
		Release|Any CPU = Release|Any CPU
		Release|Mixed Platforms = Release|Mixed Platforms
		Release|UHS (ARMv4I) = Release|UHS (ARMv4I)
		Release|Win32 = Release|Win32
		Release|x64 = Release|x64
	EndGlobalSection
	GlobalSection(ProjectConfigurationPlatforms) = postSolution
		{F016C499-AA25-482B-B7CB-F7760CFCF524}.Debug|Any CPU.ActiveCfg = Debug|Win32
		{F016C499-AA25-482B-B7CB-F7760CFCF524}.Debug|Mixed Platforms.ActiveCfg = Debug|Win32
		{F016C499-AA25-482B-B7CB-F7760CFCF524}.Debug|Mixed Platforms.Build.0 = Debug|Win32
		{F016C499-AA25-482B-B7CB-F7760CFCF524}.Debug|UHS (ARMv4I).ActiveCfg = Debug|Win32
		{F016C499-AA25-482B-B7CB-F7760CFCF524}.Debug|Win32.ActiveCfg = Debug|Win32
		{F016C499-AA25-482B-B7CB-F7760CFCF524}.Debug|Win32.Build.0 = Debug|Win32
		{F016C499-AA25-482B-B7CB-F7760CFCF524}.Debug|x64.ActiveCfg = Debug|Win32
		{F016C499-AA25-482B-B7CB-F7760CFCF524}.Release|Any CPU.ActiveCfg = Release|Win32
		{F016C499-AA25-482B-B7CB-F7760CFCF524}.Release|Mixed Platforms.ActiveCfg = Release|Win32
		{F016C499-AA25-482B-B7CB-F7760CFCF524}.Release|Mixed Platforms.Build.0 = Release|Win32
		{F016C499-AA25-482B-B7CB-F7760CFCF524}.Release|UHS (ARMv4I).ActiveCfg = Release|Win32
		{F016C499-AA25-482B-B7CB-F7760CFCF524}.Release|Win32.ActiveCfg = Release|Win32
		{F016C499-AA25-482B-B7CB-F7760CFCF524}.Release|Win32.Build.0 = Release|Win32
		{F016C499-AA25-482B-B7CB-F7760CFCF524}.Release|x64.ActiveCfg = Release|Win32
		{6F26C6FC-6B37-49D1-AE02-E03A5C8DCD78}.Debug|Any CPU.ActiveCfg = Debug|Any CPU
		{6F26C6FC-6B37-49D1-AE02-E03A5C8DCD78}.Debug|Any CPU.Build.0 = Debug|Any CPU
		{6F26C6FC-6B37-49D1-AE02-E03A5C8DCD78}.Debug|Mixed Platforms.ActiveCfg = Debug|Any CPU
		{6F26C6FC-6B37-49D1-AE02-E03A5C8DCD78}.Debug|Mixed Platforms.Build.0 = Debug|Any CPU
		{6F26C6FC-6B37-49D1-AE02-E03A5C8DCD78}.Debug|UHS (ARMv4I).ActiveCfg = Debug|Any CPU
		{6F26C6FC-6B37-49D1-AE02-E03A5C8DCD78}.Debug|Win32.ActiveCfg = Debug|Any CPU
		{6F26C6FC-6B37-49D1-AE02-E03A5C8DCD78}.Debug|x64.ActiveCfg = Debug|Any CPU
		{6F26C6FC-6B37-49D1-AE02-E03A5C8DCD78}.Debug|x64.Build.0 = Debug|Any CPU
		{6F26C6FC-6B37-49D1-AE02-E03A5C8DCD78}.Release|Any CPU.ActiveCfg = Release|Any CPU
		{6F26C6FC-6B37-49D1-AE02-E03A5C8DCD78}.Release|Any CPU.Build.0 = Release|Any CPU
		{6F26C6FC-6B37-49D1-AE02-E03A5C8DCD78}.Release|Mixed Platforms.ActiveCfg = Release|Any CPU
		{6F26C6FC-6B37-49D1-AE02-E03A5C8DCD78}.Release|Mixed Platforms.Build.0 = Release|Any CPU
		{6F26C6FC-6B37-49D1-AE02-E03A5C8DCD78}.Release|UHS (ARMv4I).ActiveCfg = Release|Any CPU
		{6F26C6FC-6B37-49D1-AE02-E03A5C8DCD78}.Release|Win32.ActiveCfg = Release|Any CPU
		{6F26C6FC-6B37-49D1-AE02-E03A5C8DCD78}.Release|x64.ActiveCfg = Release|Any CPU
		{6F26C6FC-6B37-49D1-AE02-E03A5C8DCD78}.Release|x64.Build.0 = Release|Any CPU
		{59A7F9F9-7C64-4C96-B379-0911B9ADB288}.Debug|Any CPU.ActiveCfg = Debug|Win32
		{59A7F9F9-7C64-4C96-B379-0911B9ADB288}.Debug|Mixed Platforms.ActiveCfg = Debug|Win32
		{59A7F9F9-7C64-4C96-B379-0911B9ADB288}.Debug|Mixed Platforms.Build.0 = Debug|Win32
		{59A7F9F9-7C64-4C96-B379-0911B9ADB288}.Debug|UHS (ARMv4I).ActiveCfg = Debug|Win32
		{59A7F9F9-7C64-4C96-B379-0911B9ADB288}.Debug|Win32.ActiveCfg = Debug|Win32
		{59A7F9F9-7C64-4C96-B379-0911B9ADB288}.Debug|Win32.Build.0 = Debug|Win32
		{59A7F9F9-7C64-4C96-B379-0911B9ADB288}.Debug|x64.ActiveCfg = Debug|x64
		{59A7F9F9-7C64-4C96-B379-0911B9ADB288}.Debug|x64.Build.0 = Debug|x64
		{59A7F9F9-7C64-4C96-B379-0911B9ADB288}.Release|Any CPU.ActiveCfg = Release|Win32
		{59A7F9F9-7C64-4C96-B379-0911B9ADB288}.Release|Mixed Platforms.ActiveCfg = Release|Win32
		{59A7F9F9-7C64-4C96-B379-0911B9ADB288}.Release|Mixed Platforms.Build.0 = Release|Win32
		{59A7F9F9-7C64-4C96-B379-0911B9ADB288}.Release|UHS (ARMv4I).ActiveCfg = Release|Win32
		{59A7F9F9-7C64-4C96-B379-0911B9ADB288}.Release|Win32.ActiveCfg = Release|Win32
		{59A7F9F9-7C64-4C96-B379-0911B9ADB288}.Release|Win32.Build.0 = Release|Win32
		{59A7F9F9-7C64-4C96-B379-0911B9ADB288}.Release|x64.ActiveCfg = Release|x64
		{59A7F9F9-7C64-4C96-B379-0911B9ADB288}.Release|x64.Build.0 = Release|x64
	EndGlobalSection
	GlobalSection(SolutionProperties) = preSolution
		HideSolutionNode = FALSE
	EndGlobalSection
	GlobalSection(ExtensibilityGlobals) = postSolution
		SolutionGuid = {CABDF427-5CFE-4F54-B4E8-3EFB15F9C33A}
	EndGlobalSection
EndGlobal
